
Microsoft Visual Studio Solution File, Format Version 12.00
# Visual Studio Version 17
VisualStudioVersion = 17.0.31903.59
MinimumVisualStudioVersion = 10.0.40219.1
Project("{2150E333-8FDC-42A3-9474-1A3956D46DE8}") = "Solution Items", "Solution Items", "{5D783206-9E0B-4D54-941D-C3E48B3FC3D7}"
	ProjectSection(SolutionItems) = preProject
		docker-compose.yml = docker-compose.yml
	EndProjectSection
EndProject
Project("{FAE04EC0-301F-11D3-BF4B-00C04F79EFBC}") = "PetFamily.Web", "src\PetFamily.Web\PetFamily.Web.csproj", "{A9AB030F-C5CD-48FC-BA85-A458BABD2B81}"
EndProject
Project("{2150E333-8FDC-42A3-9474-1A3956D46DE8}") = "src", "src", "{4A7F17CF-B482-4BC5-A6C0-2EE5D0A92E64}"
EndProject
Project("{FAE04EC0-301F-11D3-BF4B-00C04F79EFBC}") = "PetFamily.Volunteer.Domain.UnitTests", "Tests\PetFamily.Volunteer.Domain.UnitTests\PetFamily.Volunteer.Domain.UnitTests.csproj", "{F3A9CC06-7CDF-4A9B-A757-7BCE40761DBD}"
EndProject
Project("{FAE04EC0-301F-11D3-BF4B-00C04F79EFBC}") = "PetFamily.Species.Presentation", "src\Species\PetFamily.Species.Presentation\PetFamily.Species.Presentation.csproj", "{5F39AFD3-92BD-4BD7-ADA5-2924133B298B}"
EndProject
Project("{FAE04EC0-301F-11D3-BF4B-00C04F79EFBC}") = "PetFamily.Species.Application", "src\Species\PetFamily.Species.Application\PetFamily.Species.Application.csproj", "{17DECB59-ADDE-46B5-8CD3-78DE8453A819}"
EndProject
Project("{FAE04EC0-301F-11D3-BF4B-00C04F79EFBC}") = "PetFamily.Species.Domain", "src\Species\PetFamily.Species.Domain\PetFamily.Species.Domain.csproj", "{C1AC1327-7B33-440A-9271-651C46539E14}"
EndProject
Project("{FAE04EC0-301F-11D3-BF4B-00C04F79EFBC}") = "PetFamily.Species.Infrastructure", "src\Species\PetFamily.Species.Infrastructure\PetFamily.Species.Infrastructure.csproj", "{BA53C8F4-BF4B-410C-9F5A-EF74EDAF60B3}"
EndProject
Project("{FAE04EC0-301F-11D3-BF4B-00C04F79EFBC}") = "PetFamily.Core", "src\Shared\PetFamily.Core\PetFamily.Core.csproj", "{281E2F08-944E-4030-A6B7-0600F97864CB}"
EndProject
Project("{2150E333-8FDC-42A3-9474-1A3956D46DE8}") = "Species", "Species", "{DF935B0A-2B97-4ADF-BD69-9492A946899C}"
EndProject
Project("{FAE04EC0-301F-11D3-BF4B-00C04F79EFBC}") = "PetFamily.Species.Contracts", "src\Species\PetFamily.Species.Contracts\PetFamily.Species.Contracts.csproj", "{732DBD91-FC00-4BEA-A7EA-4FDEE06A801B}"
EndProject
Project("{2150E333-8FDC-42A3-9474-1A3956D46DE8}") = "Shared", "Shared", "{1FE943B8-8757-4734-B959-F9CCB90E6CA6}"
EndProject
Project("{FAE04EC0-301F-11D3-BF4B-00C04F79EFBC}") = "PetFamily.Volunteer.Application", "src\Volunteer\PetFamily.Volunteer.Application\PetFamily.Volunteer.Application.csproj", "{09E5F58A-890A-48F4-B595-9D9F25659629}"
EndProject
Project("{FAE04EC0-301F-11D3-BF4B-00C04F79EFBC}") = "PetFamily.Volunteer.Contracts", "src\Volunteer\PetFamily.Volunteer.Contracts\PetFamily.Volunteer.Contracts.csproj", "{73964857-4DFF-4259-999B-BAC896EA87F9}"
EndProject
Project("{FAE04EC0-301F-11D3-BF4B-00C04F79EFBC}") = "PetFamily.Volunteer.Domain", "src\Volunteer\PetFamily.Volunteer.Domain\PetFamily.Volunteer.Domain.csproj", "{B4E60368-C464-47A9-AD0F-A39F83A4F54C}"
EndProject
Project("{FAE04EC0-301F-11D3-BF4B-00C04F79EFBC}") = "PetFamily.Volunteer.Infrastructure", "src\Volunteer\PetFamily.Volunteer.Infrastructure\PetFamily.Volunteer.Infrastructure.csproj", "{C6A25269-69AF-4EE4-91B4-0045228A9289}"
EndProject
Project("{FAE04EC0-301F-11D3-BF4B-00C04F79EFBC}") = "PetFamily.Volunteer.Presentation", "src\Volunteer\PetFamily.Volunteer.Presentation\PetFamily.Volunteer.Presentation.csproj", "{CC0B16FD-693F-4CA0-B541-0008B5F2EC8F}"
EndProject
Project("{FAE04EC0-301F-11D3-BF4B-00C04F79EFBC}") = "PetFamily.SharedKernel", "src\Shared\PetFamily.SharedKernel\PetFamily.SharedKernel.csproj", "{823FD13A-C9FE-4884-A1D5-2EACD0FB822C}"
EndProject
Project("{FAE04EC0-301F-11D3-BF4B-00C04F79EFBC}") = "PetFamily.Framework", "src\Shared\PetFamily.Framework\PetFamily.Framework.csproj", "{2E9EF000-0EC1-4218-B438-0263548EFD0B}"
EndProject
Project("{2150E333-8FDC-42A3-9474-1A3956D46DE8}") = "Volunteer", "Volunteer", "{050EB89F-4BA1-41F7-96B4-AF1B0DF4C57A}"
EndProject
Project("{2150E333-8FDC-42A3-9474-1A3956D46DE8}") = "File", "File", "{7EB4C423-8D58-4105-9FC1-EBD948B96D3C}"
EndProject
Project("{FAE04EC0-301F-11D3-BF4B-00C04F79EFBC}") = "PetFamily.File.Application", "src\File\PetFamily.File.Application\PetFamily.File.Application.csproj", "{6C8F9D1F-502F-45FA-9406-0A1464586679}"
EndProject
Project("{FAE04EC0-301F-11D3-BF4B-00C04F79EFBC}") = "PetFamily.File.Contracts", "src\File\PetFamily.File.Contracts\PetFamily.File.Contracts.csproj", "{82D95DE1-20D7-415E-A525-95B93F042DD2}"
EndProject
Project("{FAE04EC0-301F-11D3-BF4B-00C04F79EFBC}") = "PetFamily.File.Domain", "src\File\PetFamily.File.Domain\PetFamily.File.Domain.csproj", "{628051FE-13E8-4BFA-993A-28766F48467D}"
EndProject
Project("{FAE04EC0-301F-11D3-BF4B-00C04F79EFBC}") = "PetFamily.File.Infrastructure", "src\File\PetFamily.File.Infrastructure\PetFamily.File.Infrastructure.csproj", "{415229D9-03A4-4E01-A5DE-1A0446EB7D71}"
EndProject
Project("{FAE04EC0-301F-11D3-BF4B-00C04F79EFBC}") = "PetFamily.File.Presentation", "src\File\PetFamily.File.Presentation\PetFamily.File.Presentation.csproj", "{42BF42C1-F956-4A27-A5A4-E584BBB22511}"
EndProject
Project("{2150E333-8FDC-42A3-9474-1A3956D46DE8}") = "Tests", "Tests", "{971EFCC0-01EE-4BA8-B973-6A94FC4ED362}"
EndProject
Project("{FAE04EC0-301F-11D3-BF4B-00C04F79EFBC}") = "PetFamily.Shared.Application.IntegrationTests", "Tests\PetFamily.Shared.Application.IntegrationTests\PetFamily.Shared.Application.IntegrationTests.csproj", "{D584F41C-2BA9-42D6-953F-840E3682B2CB}"
EndProject
Project("{FAE04EC0-301F-11D3-BF4B-00C04F79EFBC}") = "PetFamily.Volunteer.Application.IntegrationTests", "Tests\PetFamily.Volunteer.Application.IntegrationTests\PetFamily.Volunteer.Application.IntegrationTests.csproj", "{E0559CEC-26C6-47E0-B0D2-B0BDE9E8FFE3}"
EndProject
Project("{FAE04EC0-301F-11D3-BF4B-00C04F79EFBC}") = "PetFamily.Pet.Application.IntegrationTests", "Tests\PetFamily.Pet.Application.IntegrationTests\PetFamily.Pet.Application.IntegrationTests.csproj", "{54834BA7-069B-4F1F-B0C7-051D3E19D18F}"
EndProject
Project("{FAE04EC0-301F-11D3-BF4B-00C04F79EFBC}") = "PetFamily.Species.Application.IntegrationTests", "Tests\PetFamily.Species.Application.IntegrationTests\PetFamily.Species.Application.IntegrationTests.csproj", "{5DEE35E2-F455-4A4C-BB7B-BD6B5689746C}"
EndProject
Project("{FAE04EC0-301F-11D3-BF4B-00C04F79EFBC}") = "PetFamily.Breed.Application.IntegrationTests", "Tests\PetFamily.Breed.Application.IntegrationTests\PetFamily.Breed.Application.IntegrationTests.csproj", "{1DDB6758-AF9F-4BCC-BC7C-4A9F3792F223}"
EndProject
Global
	GlobalSection(SolutionConfigurationPlatforms) = preSolution
		Debug|Any CPU = Debug|Any CPU
		Release|Any CPU = Release|Any CPU
	EndGlobalSection
	GlobalSection(SolutionProperties) = preSolution
		HideSolutionNode = FALSE
	EndGlobalSection
	GlobalSection(ProjectConfigurationPlatforms) = postSolution
		{A9AB030F-C5CD-48FC-BA85-A458BABD2B81}.Debug|Any CPU.ActiveCfg = Debug|Any CPU
		{A9AB030F-C5CD-48FC-BA85-A458BABD2B81}.Debug|Any CPU.Build.0 = Debug|Any CPU
		{A9AB030F-C5CD-48FC-BA85-A458BABD2B81}.Release|Any CPU.ActiveCfg = Release|Any CPU
		{A9AB030F-C5CD-48FC-BA85-A458BABD2B81}.Release|Any CPU.Build.0 = Release|Any CPU
		{F3A9CC06-7CDF-4A9B-A757-7BCE40761DBD}.Debug|Any CPU.ActiveCfg = Debug|Any CPU
		{F3A9CC06-7CDF-4A9B-A757-7BCE40761DBD}.Debug|Any CPU.Build.0 = Debug|Any CPU
		{F3A9CC06-7CDF-4A9B-A757-7BCE40761DBD}.Release|Any CPU.ActiveCfg = Release|Any CPU
		{F3A9CC06-7CDF-4A9B-A757-7BCE40761DBD}.Release|Any CPU.Build.0 = Release|Any CPU
		{5F39AFD3-92BD-4BD7-ADA5-2924133B298B}.Debug|Any CPU.ActiveCfg = Debug|Any CPU
		{5F39AFD3-92BD-4BD7-ADA5-2924133B298B}.Debug|Any CPU.Build.0 = Debug|Any CPU
		{5F39AFD3-92BD-4BD7-ADA5-2924133B298B}.Release|Any CPU.ActiveCfg = Release|Any CPU
		{5F39AFD3-92BD-4BD7-ADA5-2924133B298B}.Release|Any CPU.Build.0 = Release|Any CPU
		{17DECB59-ADDE-46B5-8CD3-78DE8453A819}.Debug|Any CPU.ActiveCfg = Debug|Any CPU
		{17DECB59-ADDE-46B5-8CD3-78DE8453A819}.Debug|Any CPU.Build.0 = Debug|Any CPU
		{17DECB59-ADDE-46B5-8CD3-78DE8453A819}.Release|Any CPU.ActiveCfg = Release|Any CPU
		{17DECB59-ADDE-46B5-8CD3-78DE8453A819}.Release|Any CPU.Build.0 = Release|Any CPU
		{C1AC1327-7B33-440A-9271-651C46539E14}.Debug|Any CPU.ActiveCfg = Debug|Any CPU
		{C1AC1327-7B33-440A-9271-651C46539E14}.Debug|Any CPU.Build.0 = Debug|Any CPU
		{C1AC1327-7B33-440A-9271-651C46539E14}.Release|Any CPU.ActiveCfg = Release|Any CPU
		{C1AC1327-7B33-440A-9271-651C46539E14}.Release|Any CPU.Build.0 = Release|Any CPU
		{BA53C8F4-BF4B-410C-9F5A-EF74EDAF60B3}.Debug|Any CPU.ActiveCfg = Debug|Any CPU
		{BA53C8F4-BF4B-410C-9F5A-EF74EDAF60B3}.Debug|Any CPU.Build.0 = Debug|Any CPU
		{BA53C8F4-BF4B-410C-9F5A-EF74EDAF60B3}.Release|Any CPU.ActiveCfg = Release|Any CPU
		{BA53C8F4-BF4B-410C-9F5A-EF74EDAF60B3}.Release|Any CPU.Build.0 = Release|Any CPU
		{281E2F08-944E-4030-A6B7-0600F97864CB}.Debug|Any CPU.ActiveCfg = Debug|Any CPU
		{281E2F08-944E-4030-A6B7-0600F97864CB}.Debug|Any CPU.Build.0 = Debug|Any CPU
		{281E2F08-944E-4030-A6B7-0600F97864CB}.Release|Any CPU.ActiveCfg = Release|Any CPU
		{281E2F08-944E-4030-A6B7-0600F97864CB}.Release|Any CPU.Build.0 = Release|Any CPU
		{732DBD91-FC00-4BEA-A7EA-4FDEE06A801B}.Debug|Any CPU.ActiveCfg = Debug|Any CPU
		{732DBD91-FC00-4BEA-A7EA-4FDEE06A801B}.Debug|Any CPU.Build.0 = Debug|Any CPU
		{732DBD91-FC00-4BEA-A7EA-4FDEE06A801B}.Release|Any CPU.ActiveCfg = Release|Any CPU
		{732DBD91-FC00-4BEA-A7EA-4FDEE06A801B}.Release|Any CPU.Build.0 = Release|Any CPU
		{09E5F58A-890A-48F4-B595-9D9F25659629}.Debug|Any CPU.ActiveCfg = Debug|Any CPU
		{09E5F58A-890A-48F4-B595-9D9F25659629}.Debug|Any CPU.Build.0 = Debug|Any CPU
		{09E5F58A-890A-48F4-B595-9D9F25659629}.Release|Any CPU.ActiveCfg = Release|Any CPU
		{09E5F58A-890A-48F4-B595-9D9F25659629}.Release|Any CPU.Build.0 = Release|Any CPU
		{73964857-4DFF-4259-999B-BAC896EA87F9}.Debug|Any CPU.ActiveCfg = Debug|Any CPU
		{73964857-4DFF-4259-999B-BAC896EA87F9}.Debug|Any CPU.Build.0 = Debug|Any CPU
		{73964857-4DFF-4259-999B-BAC896EA87F9}.Release|Any CPU.ActiveCfg = Release|Any CPU
		{73964857-4DFF-4259-999B-BAC896EA87F9}.Release|Any CPU.Build.0 = Release|Any CPU
		{B4E60368-C464-47A9-AD0F-A39F83A4F54C}.Debug|Any CPU.ActiveCfg = Debug|Any CPU
		{B4E60368-C464-47A9-AD0F-A39F83A4F54C}.Debug|Any CPU.Build.0 = Debug|Any CPU
		{B4E60368-C464-47A9-AD0F-A39F83A4F54C}.Release|Any CPU.ActiveCfg = Release|Any CPU
		{B4E60368-C464-47A9-AD0F-A39F83A4F54C}.Release|Any CPU.Build.0 = Release|Any CPU
		{C6A25269-69AF-4EE4-91B4-0045228A9289}.Debug|Any CPU.ActiveCfg = Debug|Any CPU
		{C6A25269-69AF-4EE4-91B4-0045228A9289}.Debug|Any CPU.Build.0 = Debug|Any CPU
		{C6A25269-69AF-4EE4-91B4-0045228A9289}.Release|Any CPU.ActiveCfg = Release|Any CPU
		{C6A25269-69AF-4EE4-91B4-0045228A9289}.Release|Any CPU.Build.0 = Release|Any CPU
		{CC0B16FD-693F-4CA0-B541-0008B5F2EC8F}.Debug|Any CPU.ActiveCfg = Debug|Any CPU
		{CC0B16FD-693F-4CA0-B541-0008B5F2EC8F}.Debug|Any CPU.Build.0 = Debug|Any CPU
		{CC0B16FD-693F-4CA0-B541-0008B5F2EC8F}.Release|Any CPU.ActiveCfg = Release|Any CPU
		{CC0B16FD-693F-4CA0-B541-0008B5F2EC8F}.Release|Any CPU.Build.0 = Release|Any CPU
		{823FD13A-C9FE-4884-A1D5-2EACD0FB822C}.Debug|Any CPU.ActiveCfg = Debug|Any CPU
		{823FD13A-C9FE-4884-A1D5-2EACD0FB822C}.Debug|Any CPU.Build.0 = Debug|Any CPU
		{823FD13A-C9FE-4884-A1D5-2EACD0FB822C}.Release|Any CPU.ActiveCfg = Release|Any CPU
		{823FD13A-C9FE-4884-A1D5-2EACD0FB822C}.Release|Any CPU.Build.0 = Release|Any CPU
		{2E9EF000-0EC1-4218-B438-0263548EFD0B}.Debug|Any CPU.ActiveCfg = Debug|Any CPU
		{2E9EF000-0EC1-4218-B438-0263548EFD0B}.Debug|Any CPU.Build.0 = Debug|Any CPU
		{2E9EF000-0EC1-4218-B438-0263548EFD0B}.Release|Any CPU.ActiveCfg = Release|Any CPU
		{2E9EF000-0EC1-4218-B438-0263548EFD0B}.Release|Any CPU.Build.0 = Release|Any CPU
		{6C8F9D1F-502F-45FA-9406-0A1464586679}.Debug|Any CPU.ActiveCfg = Debug|Any CPU
		{6C8F9D1F-502F-45FA-9406-0A1464586679}.Debug|Any CPU.Build.0 = Debug|Any CPU
		{6C8F9D1F-502F-45FA-9406-0A1464586679}.Release|Any CPU.ActiveCfg = Release|Any CPU
		{6C8F9D1F-502F-45FA-9406-0A1464586679}.Release|Any CPU.Build.0 = Release|Any CPU
		{82D95DE1-20D7-415E-A525-95B93F042DD2}.Debug|Any CPU.ActiveCfg = Debug|Any CPU
		{82D95DE1-20D7-415E-A525-95B93F042DD2}.Debug|Any CPU.Build.0 = Debug|Any CPU
		{82D95DE1-20D7-415E-A525-95B93F042DD2}.Release|Any CPU.ActiveCfg = Release|Any CPU
		{82D95DE1-20D7-415E-A525-95B93F042DD2}.Release|Any CPU.Build.0 = Release|Any CPU
		{628051FE-13E8-4BFA-993A-28766F48467D}.Debug|Any CPU.ActiveCfg = Debug|Any CPU
		{628051FE-13E8-4BFA-993A-28766F48467D}.Debug|Any CPU.Build.0 = Debug|Any CPU
		{628051FE-13E8-4BFA-993A-28766F48467D}.Release|Any CPU.ActiveCfg = Release|Any CPU
		{628051FE-13E8-4BFA-993A-28766F48467D}.Release|Any CPU.Build.0 = Release|Any CPU
		{415229D9-03A4-4E01-A5DE-1A0446EB7D71}.Debug|Any CPU.ActiveCfg = Debug|Any CPU
		{415229D9-03A4-4E01-A5DE-1A0446EB7D71}.Debug|Any CPU.Build.0 = Debug|Any CPU
		{415229D9-03A4-4E01-A5DE-1A0446EB7D71}.Release|Any CPU.ActiveCfg = Release|Any CPU
		{415229D9-03A4-4E01-A5DE-1A0446EB7D71}.Release|Any CPU.Build.0 = Release|Any CPU
		{42BF42C1-F956-4A27-A5A4-E584BBB22511}.Debug|Any CPU.ActiveCfg = Debug|Any CPU
		{42BF42C1-F956-4A27-A5A4-E584BBB22511}.Debug|Any CPU.Build.0 = Debug|Any CPU
		{42BF42C1-F956-4A27-A5A4-E584BBB22511}.Release|Any CPU.ActiveCfg = Release|Any CPU
		{42BF42C1-F956-4A27-A5A4-E584BBB22511}.Release|Any CPU.Build.0 = Release|Any CPU
		{D584F41C-2BA9-42D6-953F-840E3682B2CB}.Debug|Any CPU.ActiveCfg = Debug|Any CPU
		{D584F41C-2BA9-42D6-953F-840E3682B2CB}.Debug|Any CPU.Build.0 = Debug|Any CPU
		{D584F41C-2BA9-42D6-953F-840E3682B2CB}.Release|Any CPU.ActiveCfg = Release|Any CPU
		{D584F41C-2BA9-42D6-953F-840E3682B2CB}.Release|Any CPU.Build.0 = Release|Any CPU
		{E0559CEC-26C6-47E0-B0D2-B0BDE9E8FFE3}.Debug|Any CPU.ActiveCfg = Debug|Any CPU
		{E0559CEC-26C6-47E0-B0D2-B0BDE9E8FFE3}.Debug|Any CPU.Build.0 = Debug|Any CPU
		{E0559CEC-26C6-47E0-B0D2-B0BDE9E8FFE3}.Release|Any CPU.ActiveCfg = Release|Any CPU
		{E0559CEC-26C6-47E0-B0D2-B0BDE9E8FFE3}.Release|Any CPU.Build.0 = Release|Any CPU
		{54834BA7-069B-4F1F-B0C7-051D3E19D18F}.Debug|Any CPU.ActiveCfg = Debug|Any CPU
		{54834BA7-069B-4F1F-B0C7-051D3E19D18F}.Debug|Any CPU.Build.0 = Debug|Any CPU
		{54834BA7-069B-4F1F-B0C7-051D3E19D18F}.Release|Any CPU.ActiveCfg = Release|Any CPU
		{54834BA7-069B-4F1F-B0C7-051D3E19D18F}.Release|Any CPU.Build.0 = Release|Any CPU
		{5DEE35E2-F455-4A4C-BB7B-BD6B5689746C}.Debug|Any CPU.ActiveCfg = Debug|Any CPU
		{5DEE35E2-F455-4A4C-BB7B-BD6B5689746C}.Debug|Any CPU.Build.0 = Debug|Any CPU
		{5DEE35E2-F455-4A4C-BB7B-BD6B5689746C}.Release|Any CPU.ActiveCfg = Release|Any CPU
		{5DEE35E2-F455-4A4C-BB7B-BD6B5689746C}.Release|Any CPU.Build.0 = Release|Any CPU
		{1DDB6758-AF9F-4BCC-BC7C-4A9F3792F223}.Debug|Any CPU.ActiveCfg = Debug|Any CPU
		{1DDB6758-AF9F-4BCC-BC7C-4A9F3792F223}.Debug|Any CPU.Build.0 = Debug|Any CPU
		{1DDB6758-AF9F-4BCC-BC7C-4A9F3792F223}.Release|Any CPU.ActiveCfg = Release|Any CPU
		{1DDB6758-AF9F-4BCC-BC7C-4A9F3792F223}.Release|Any CPU.Build.0 = Release|Any CPU
	EndGlobalSection
	GlobalSection(NestedProjects) = preSolution
		{A9AB030F-C5CD-48FC-BA85-A458BABD2B81} = {4A7F17CF-B482-4BC5-A6C0-2EE5D0A92E64}
		{DF935B0A-2B97-4ADF-BD69-9492A946899C} = {4A7F17CF-B482-4BC5-A6C0-2EE5D0A92E64}
		{17DECB59-ADDE-46B5-8CD3-78DE8453A819} = {DF935B0A-2B97-4ADF-BD69-9492A946899C}
		{5F39AFD3-92BD-4BD7-ADA5-2924133B298B} = {DF935B0A-2B97-4ADF-BD69-9492A946899C}
		{C1AC1327-7B33-440A-9271-651C46539E14} = {DF935B0A-2B97-4ADF-BD69-9492A946899C}
		{BA53C8F4-BF4B-410C-9F5A-EF74EDAF60B3} = {DF935B0A-2B97-4ADF-BD69-9492A946899C}
		{732DBD91-FC00-4BEA-A7EA-4FDEE06A801B} = {DF935B0A-2B97-4ADF-BD69-9492A946899C}
		{1FE943B8-8757-4734-B959-F9CCB90E6CA6} = {4A7F17CF-B482-4BC5-A6C0-2EE5D0A92E64}
		{823FD13A-C9FE-4884-A1D5-2EACD0FB822C} = {1FE943B8-8757-4734-B959-F9CCB90E6CA6}
		{281E2F08-944E-4030-A6B7-0600F97864CB} = {1FE943B8-8757-4734-B959-F9CCB90E6CA6}
		{2E9EF000-0EC1-4218-B438-0263548EFD0B} = {1FE943B8-8757-4734-B959-F9CCB90E6CA6}
		{050EB89F-4BA1-41F7-96B4-AF1B0DF4C57A} = {4A7F17CF-B482-4BC5-A6C0-2EE5D0A92E64}
		{09E5F58A-890A-48F4-B595-9D9F25659629} = {050EB89F-4BA1-41F7-96B4-AF1B0DF4C57A}
		{73964857-4DFF-4259-999B-BAC896EA87F9} = {050EB89F-4BA1-41F7-96B4-AF1B0DF4C57A}
		{B4E60368-C464-47A9-AD0F-A39F83A4F54C} = {050EB89F-4BA1-41F7-96B4-AF1B0DF4C57A}
		{C6A25269-69AF-4EE4-91B4-0045228A9289} = {050EB89F-4BA1-41F7-96B4-AF1B0DF4C57A}
		{CC0B16FD-693F-4CA0-B541-0008B5F2EC8F} = {050EB89F-4BA1-41F7-96B4-AF1B0DF4C57A}
		{7EB4C423-8D58-4105-9FC1-EBD948B96D3C} = {4A7F17CF-B482-4BC5-A6C0-2EE5D0A92E64}
		{6C8F9D1F-502F-45FA-9406-0A1464586679} = {7EB4C423-8D58-4105-9FC1-EBD948B96D3C}
		{82D95DE1-20D7-415E-A525-95B93F042DD2} = {7EB4C423-8D58-4105-9FC1-EBD948B96D3C}
		{628051FE-13E8-4BFA-993A-28766F48467D} = {7EB4C423-8D58-4105-9FC1-EBD948B96D3C}
		{415229D9-03A4-4E01-A5DE-1A0446EB7D71} = {7EB4C423-8D58-4105-9FC1-EBD948B96D3C}
		{42BF42C1-F956-4A27-A5A4-E584BBB22511} = {7EB4C423-8D58-4105-9FC1-EBD948B96D3C}
		{F3A9CC06-7CDF-4A9B-A757-7BCE40761DBD} = {971EFCC0-01EE-4BA8-B973-6A94FC4ED362}
		{D584F41C-2BA9-42D6-953F-840E3682B2CB} = {971EFCC0-01EE-4BA8-B973-6A94FC4ED362}
		{E0559CEC-26C6-47E0-B0D2-B0BDE9E8FFE3} = {971EFCC0-01EE-4BA8-B973-6A94FC4ED362}
		{54834BA7-069B-4F1F-B0C7-051D3E19D18F} = {971EFCC0-01EE-4BA8-B973-6A94FC4ED362}
		{5DEE35E2-F455-4A4C-BB7B-BD6B5689746C} = {971EFCC0-01EE-4BA8-B973-6A94FC4ED362}
		{1DDB6758-AF9F-4BCC-BC7C-4A9F3792F223} = {971EFCC0-01EE-4BA8-B973-6A94FC4ED362}
	EndGlobalSection
EndGlobal
